# This file is autogenerated, do not edit; changes may be undone by the next 'dep ensure'.


[[projects]]
  name = "github.com/gibson042/canonicaljson-go"
  packages = ["."]
  revision = "81f5327eb8367be6f106cd62f136b6f25b4c1678"
  version = "v1.0.3"

[solve-meta]
  analyzer-name = "dep"
  analyzer-version = 1
  inputs-digest = "fa285f3c908dfa21e1a9e8752e8fceb4cf918afea563a766debb4da04c6e2dfc"
  solver-name = "gps-cdcl"
  solver-version = 1
